# Run ./gradlew writeVersionsLocks to regenerate this file
com.google.errorprone:error_prone_annotations:2.28.0 (5 constraints: 9c492e94)
com.palantir.safe-logging:logger:3.7.0 (1 constraints: 0c050f36)
com.palantir.safe-logging:logger-slf4j:3.7.0 (1 constraints: 050e6842)
com.palantir.safe-logging:logger-spi:3.7.0 (2 constraints: 191ea27b)
com.palantir.safe-logging:preconditions:3.7.0 (1 constraints: 0c050f36)
com.palantir.safe-logging:safe-logging:3.7.0 (4 constraints: 92339760)
io.smallrye.common:smallrye-common-annotation:2.6.0 (1 constraints: c30d1c36)
io.smallrye.common:smallrye-common-constraint:2.6.0 (4 constraints: 8a413caf)
io.smallrye.common:smallrye-common-cpu:2.6.0 (2 constraints: 731c91d2)
io.smallrye.common:smallrye-common-expression:2.4.0 (1 constraints: b10e835a)
io.smallrye.common:smallrye-common-function:2.6.0 (2 constraints: 5c215988)
io.smallrye.common:smallrye-common-net:2.4.0 (1 constraints: b10e835a)
io.smallrye.common:smallrye-common-os:2.4.0 (1 constraints: b10e835a)
io.smallrye.common:smallrye-common-ref:2.4.0 (1 constraints: b10e835a)
org.jboss.logging:jboss-logging:3.6.1.Final (5 constraints: ad624ec6)
org.jboss.threads:jboss-threads:3.8.0.Final (1 constraints: 2507ee5a)
org.jetbrains:annotations:24.1.0 (1 constraints: 331166d1)
org.slf4j:slf4j-api:1.7.31 (1 constraints: 471091b6)
org.wildfly.common:wildfly-common:2.0.1 (1 constraints: be0d0b36)

[Test dependencies]
com.google.code.findbugs:jsr305:3.0.2 (1 constraints: 170aecb4)
com.google.guava:failureaccess:1.0.2 (1 constraints: 150ae2b4)
com.google.guava:guava:33.3.1-jre (1 constraints: aa067753)
com.google.guava:listenablefuture:9999.0-empty-to-avoid-conflict-with-guava (1 constraints: bd17c918)
com.google.j2objc:j2objc-annotations:3.0.0 (1 constraints: 150aeab4)
net.bytebuddy:byte-buddy:1.14.18 (1 constraints: 850bccea)
net.sf.jopt-simple:jopt-simple:5.0.4 (1 constraints: be0ad6cc)
org.apache.commons:commons-math3:3.6.1 (1 constraints: bf0adbcc)
org.apiguardian:apiguardian-api:1.1.2 (5 constraints: 105480ac)
org.assertj:assertj-core:3.26.3 (1 constraints: 40054e3b)
org.awaitility:awaitility:4.2.2 (1 constraints: 0a050736)
org.checkerframework:checker-qual:3.43.0 (1 constraints: 4c0a4abf)
org.hamcrest:hamcrest:2.1 (1 constraints: 6f0b2cce)
org.junit.jupiter:junit-jupiter:5.11.3 (1 constraints: 3c05473b)
org.junit.jupiter:junit-jupiter-api:5.11.3 (3 constraints: f72f3a52)
org.junit.jupiter:junit-jupiter-engine:5.11.3 (1 constraints: 370e034a)
org.junit.jupiter:junit-jupiter-params:5.11.3 (1 constraints: 370e034a)
org.junit.platform:junit-platform-commons:1.11.3 (2 constraints: 3321ed83)
org.junit.platform:junit-platform-engine:1.11.3 (1 constraints: d610eac4)
org.openjdk.jmh:jmh-core:1.37 (4 constraints: 2d349791)
org.openjdk.jmh:jmh-generator-asm:1.37 (1 constraints: 2c107598)
org.openjdk.jmh:jmh-generator-bytecode:1.37 (1 constraints: de04fb30)
org.openjdk.jmh:jmh-generator-reflection:1.37 (2 constraints: 491e3064)
org.opentest4j:opentest4j:1.3.0 (2 constraints: cf209249)
org.ow2.asm:asm:9.0 (1 constraints: ec0d4f34)
